
Microsoft Visual Studio Solution File, Format Version 12.00
# Visual Studio Version 17
VisualStudioVersion = 17.0.32014.148
MinimumVisualStudioVersion = 10.0.40219.1
Project("{9A19103F-16F7-4668-BE54-9A1E7A4F7556}") = "authUsers", "authUsers.csproj", "{C4FF369D-04EF-4BA3-AF75-8385324A6774}"
EndProject
Project("{FAE04EC0-301F-11D3-BF4B-00C04F79EFBC}") = "Application", "..\Application\Application.csproj", "{EC6B9E98-BD8C-4EFB-B5FE-E4EE933FD6F9}"
EndProject
Project("{FAE04EC0-301F-11D3-BF4B-00C04F79EFBC}") = "Infra", "..\Infra\Infra.csproj", "{7F8579D3-468E-4010-8FAD-0144FBDA7461}"
EndProject
Global
	GlobalSection(SolutionConfigurationPlatforms) = preSolution
		Debug|Any CPU = Debug|Any CPU
		Release|Any CPU = Release|Any CPU
	EndGlobalSection
	GlobalSection(ProjectConfigurationPlatforms) = postSolution
		{C4FF369D-04EF-4BA3-AF75-8385324A6774}.Debug|Any CPU.ActiveCfg = Debug|Any CPU
		{C4FF369D-04EF-4BA3-AF75-8385324A6774}.Debug|Any CPU.Build.0 = Debug|Any CPU
		{C4FF369D-04EF-4BA3-AF75-8385324A6774}.Release|Any CPU.ActiveCfg = Release|Any CPU
		{C4FF369D-04EF-4BA3-AF75-8385324A6774}.Release|Any CPU.Build.0 = Release|Any CPU
		{EC6B9E98-BD8C-4EFB-B5FE-E4EE933FD6F9}.Debug|Any CPU.ActiveCfg = Debug|Any CPU
		{EC6B9E98-BD8C-4EFB-B5FE-E4EE933FD6F9}.Debug|Any CPU.Build.0 = Debug|Any CPU
		{EC6B9E98-BD8C-4EFB-B5FE-E4EE933FD6F9}.Release|Any CPU.ActiveCfg = Release|Any CPU
		{EC6B9E98-BD8C-4EFB-B5FE-E4EE933FD6F9}.Release|Any CPU.Build.0 = Release|Any CPU
		{7F8579D3-468E-4010-8FAD-0144FBDA7461}.Debug|Any CPU.ActiveCfg = Debug|Any CPU
		{7F8579D3-468E-4010-8FAD-0144FBDA7461}.Debug|Any CPU.Build.0 = Debug|Any CPU
		{7F8579D3-468E-4010-8FAD-0144FBDA7461}.Release|Any CPU.ActiveCfg = Release|Any CPU
		{7F8579D3-468E-4010-8FAD-0144FBDA7461}.Release|Any CPU.Build.0 = Release|Any CPU
	EndGlobalSection
	GlobalSection(SolutionProperties) = preSolution
		HideSolutionNode = FALSE
	EndGlobalSection
	GlobalSection(ExtensibilityGlobals) = postSolution
		SolutionGuid = {16DCF3E6-EFE4-48B2-99BA-9F5CE08CE829}
	EndGlobalSection
EndGlobal
